<?xml version="1.0" encoding="UTF-8" standalone="yes" ?>
<CodeBlocks_project_file>
	<FileVersion major="1" minor="6" />
	<Project>
		<Option title="GanymedeSpectralEstimation.cbp" />
		<Option pch_mode="2" />
		<Option compiler="gcc" />
		<Build>
			<Target title="Debug">
				<Option output="bin/Debug/CppTest" prefix_auto="1" extension_auto="1" />
				<Option object_output="obj/Debug/" />
				<Option type="1" />
				<Option compiler="gcc" />
				<Compiler>
					<Add option="-g" />
					<Add directory="include" />
					<Add directory="../miniz" />
					<Add directory="../miniz/build" />
					<Add directory="../kissfft-master" />
					<Add directory="../lpng1645" />
				</Compiler>
				<Linker>
					<Add library="../lpng1645/zlib-1.3.1/build/libzlibstatic.a" />
				</Linker>
			</Target>
			<Target title="Release">
				<Option output="bin/Release/CppTest" prefix_auto="1" extension_auto="1" />
				<Option object_output="obj/Release/" />
				<Option type="1" />
				<Option compiler="gcc" />
				<Compiler>
					<Add option="-fexpensive-optimizations" />
					<Add option="-O3" />
					<Add option="-march=native -flto" />
					<Add directory="include" />
				</Compiler>
				<Linker>
					<Add option="-O3" />
					<Add option="-s" />
					<Add library="../lpng1645/zlib-1.3.1/build/libzlibstatic.a" />
				</Linker>
			</Target>
		</Build>
		<Compiler>
			<Add option="-Wall" />
			<Add option="-fexceptions" />
			<Add directory="include" />
			<Add directory="../miniz" />
			<Add directory="../miniz/build" />
			<Add directory="../kissfft-master" />
			<Add directory="../lpng1645" />
			<Add directory="../kissfft-master/build" />
		</Compiler>
		<Linker>
			<Add library="../kissfft-master/build/libkissfft-float.a" />
			<Add library="../lpng1645/build/libpng.a" />
			<Add library="../miniz/build/libminiz.a" />
			<Add library="../../cpp/lpng1645/build/zlib-1.3.1/libzlibstatic.a" />
		</Linker>
		<Unit filename="include/IO.h" />
		<Unit filename="include/IO.tpp" />
		<Unit filename="include/Settings.h" />
		<Unit filename="include/Tag.h" />
		<Unit filename="include/UtilityMathFunctions.h" />
		<Unit filename="include/UtilityMathFunctions.tpp" />
		<Unit filename="include/XML_Interpreter.h" />
		<Unit filename="main.cpp" />
		<Unit filename="src/IO.cpp" />
		<Unit filename="src/Settings.cpp" />
		<Unit filename="src/Tag.cpp" />
		<Unit filename="src/XML_Interpreter.cpp" />
		<Extensions>
			<lib_finder disable_auto="1" />
		</Extensions>
	</Project>
</CodeBlocks_project_file>
